// !$*UTF8*$!
{
	archiveVersion = 1;
	classes = {
	};
	objectVersion = 50;
	objects = {

/* Begin PBXBuildFile section */
		100468E5262484F9006DCA1D /* CardView.swift in Sources */ = {isa = PBXBuildFile; fileRef = 100468E4262484F9006DCA1D /* CardView.swift */; };
		10046918262498AE006DCA1D /* DetailView.swift in Sources */ = {isa = PBXBuildFile; fileRef = 10046917262498AE006DCA1D /* DetailView.swift */; };
		1004698026250F73006DCA1D /* CoreDataM.xcdatamodeld in Sources */ = {isa = PBXBuildFile; fileRef = 1004697E26250F73006DCA1D /* CoreDataM.xcdatamodeld */; };
		103DE7A8262517FD000C91A8 /* PersistenceController.swift in Sources */ = {isa = PBXBuildFile; fileRef = 103DE7A7262517FD000C91A8 /* PersistenceController.swift */; };
		103DE7AE26251AA1000C91A8 /* JsonViewModel.swift in Sources */ = {isa = PBXBuildFile; fileRef = 103DE7AD26251AA1000C91A8 /* JsonViewModel.swift */; };
		103DE7B32625200A000C91A8 /* CustomNavigationView.swift in Sources */ = {isa = PBXBuildFile; fileRef = 103DE7B22625200A000C91A8 /* CustomNavigationView.swift */; };
		104D74942623C51400655C1D /* Load_Data_from_a_JSON_APIApp.swift in Sources */ = {isa = PBXBuildFile; fileRef = 104D74932623C51400655C1D /* Load_Data_from_a_JSON_APIApp.swift */; };
		104D74962623C51400655C1D /* ContentView.swift in Sources */ = {isa = PBXBuildFile; fileRef = 104D74952623C51400655C1D /* ContentView.swift */; };
		104D74982623C51700655C1D /* Assets.xcassets in Resources */ = {isa = PBXBuildFile; fileRef = 104D74972623C51700655C1D /* Assets.xcassets */; };
		104D749B2623C51700655C1D /* Preview Assets.xcassets in Resources */ = {isa = PBXBuildFile; fileRef = 104D749A2623C51700655C1D /* Preview Assets.xcassets */; };
		104D74A42623C85800655C1D /* Model.swift in Sources */ = {isa = PBXBuildFile; fileRef = 104D74A32623C85800655C1D /* Model.swift */; };
/* End PBXBuildFile section */

/* Begin PBXFileReference section */
		100468E4262484F9006DCA1D /* CardView.swift */ = {isa = PBXFileReference; lastKnownFileType = sourcecode.swift; path = CardView.swift; sourceTree = "<group>"; };
		10046917262498AE006DCA1D /* DetailView.swift */ = {isa = PBXFileReference; lastKnownFileType = sourcecode.swift; path = DetailView.swift; sourceTree = "<group>"; };
		1004697F26250F73006DCA1D /* CoreDataM.xcdatamodel */ = {isa = PBXFileReference; lastKnownFileType = wrapper.xcdatamodel; path = CoreDataM.xcdatamodel; sourceTree = "<group>"; };
		103DE7A7262517FD000C91A8 /* PersistenceController.swift */ = {isa = PBXFileReference; lastKnownFileType = sourcecode.swift; path = PersistenceController.swift; sourceTree = "<group>"; };
		103DE7AD26251AA1000C91A8 /* JsonViewModel.swift */ = {isa = PBXFileReference; lastKnownFileType = sourcecode.swift; path = JsonViewModel.swift; sourceTree = "<group>"; };
		103DE7B22625200A000C91A8 /* CustomNavigationView.swift */ = {isa = PBXFileReference; lastKnownFileType = sourcecode.swift; path = CustomNavigationView.swift; sourceTree = "<group>"; };
		104D74902623C51400655C1D /* Mobile Coding Challenge .app */ = {isa = PBXFileReference; explicitFileType = wrapper.application; includeInIndex = 0; path = "Mobile Coding Challenge .app"; sourceTree = BUILT_PRODUCTS_DIR; };
		104D74932623C51400655C1D /* Load_Data_from_a_JSON_APIApp.swift */ = {isa = PBXFileReference; lastKnownFileType = sourcecode.swift; path = Load_Data_from_a_JSON_APIApp.swift; sourceTree = "<group>"; };
		104D74952623C51400655C1D /* ContentView.swift */ = {isa = PBXFileReference; lastKnownFileType = sourcecode.swift; path = ContentView.swift; sourceTree = "<group>"; };
		104D74972623C51700655C1D /* Assets.xcassets */ = {isa = PBXFileReference; lastKnownFileType = folder.assetcatalog; path = Assets.xcassets; sourceTree = "<group>"; };
		104D749A2623C51700655C1D /* Preview Assets.xcassets */ = {isa = PBXFileReference; lastKnownFileType = folder.assetcatalog; path = "Preview Assets.xcassets"; sourceTree = "<group>"; };
		104D749C2623C51700655C1D /* Info.plist */ = {isa = PBXFileReference; lastKnownFileType = text.plist.xml; path = Info.plist; sourceTree = "<group>"; };
		104D74A32623C85800655C1D /* Model.swift */ = {isa = PBXFileReference; lastKnownFileType = sourcecode.swift; path = Model.swift; sourceTree = "<group>"; };
		107F86BB262595B800E5F31F /* Al-Jazeera-Arabic-Regular.ttf */ = {isa = PBXFileReference; lastKnownFileType = file; name = "Al-Jazeera-Arabic-Regular.ttf"; path = "../../../../../Downloads/Al-Jazeera-Arabic-Regular.ttf"; sourceTree = "<group>"; };
/* End PBXFileReference section */

/* Begin PBXFrameworksBuildPhase section */
		104D748D2623C51400655C1D /* Frameworks */ = {
			isa = PBXFrameworksBuildPhase;
			buildActionMask = 2147483647;
			files = (
			);
			runOnlyForDeploymentPostprocessing = 0;
		};
/* End PBXFrameworksBuildPhase section */

/* Begin PBXGroup section */
		100468EB26248B46006DCA1D /* Fonts */ = {
			isa = PBXGroup;
			children = (
				107F86BB262595B800E5F31F /* Al-Jazeera-Arabic-Regular.ttf */,
			);
			path = Fonts;
			sourceTree = "<group>";
		};
		103DE7AA26251A28000C91A8 /* View */ = {
			isa = PBXGroup;
			children = (
				104D74952623C51400655C1D /* ContentView.swift */,
				100468E4262484F9006DCA1D /* CardView.swift */,
				10046917262498AE006DCA1D /* DetailView.swift */,
				103DE7B22625200A000C91A8 /* CustomNavigationView.swift */,
			);
			path = View;
			sourceTree = "<group>";
		};
		103DE7AB26251A2F000C91A8 /* ViewModel */ = {
			isa = PBXGroup;
			children = (
				103DE7AD26251AA1000C91A8 /* JsonViewModel.swift */,
			);
			path = ViewModel;
			sourceTree = "<group>";
		};
		103DE7AC26251A42000C91A8 /* Model */ = {
			isa = PBXGroup;
			children = (
				104D74A32623C85800655C1D /* Model.swift */,
			);
			path = Model;
			sourceTree = "<group>";
		};
		103DE7B126251F7C000C91A8 /* CoreData */ = {
			isa = PBXGroup;
			children = (
				103DE7A7262517FD000C91A8 /* PersistenceController.swift */,
			);
			path = CoreData;
			sourceTree = "<group>";
		};
		104D74872623C51400655C1D = {
			isa = PBXGroup;
			children = (
				104D74922623C51400655C1D /* Load Data from a JSON API */,
				104D74912623C51400655C1D /* Products */,
			);
			sourceTree = "<group>";
		};
		104D74912623C51400655C1D /* Products */ = {
			isa = PBXGroup;
			children = (
				104D74902623C51400655C1D /* Mobile Coding Challenge .app */,
			);
			name = Products;
			sourceTree = "<group>";
		};
		104D74922623C51400655C1D /* Load Data from a JSON API */ = {
			isa = PBXGroup;
			children = (
				103DE7B126251F7C000C91A8 /* CoreData */,
				100468EB26248B46006DCA1D /* Fonts */,
				103DE7AC26251A42000C91A8 /* Model */,
				103DE7AB26251A2F000C91A8 /* ViewModel */,
				103DE7AA26251A28000C91A8 /* View */,
				104D74932623C51400655C1D /* Load_Data_from_a_JSON_APIApp.swift */,
				104D74972623C51700655C1D /* Assets.xcassets */,
				104D749C2623C51700655C1D /* Info.plist */,
				104D74992623C51700655C1D /* Preview Content */,
				1004697E26250F73006DCA1D /* CoreDataM.xcdatamodeld */,
			);
			path = "Load Data from a JSON API";
			sourceTree = "<group>";
		};
		104D74992623C51700655C1D /* Preview Content */ = {
			isa = PBXGroup;
			children = (
				104D749A2623C51700655C1D /* Preview Assets.xcassets */,
			);
			path = "Preview Content";
			sourceTree = "<group>";
		};
/* End PBXGroup section */

/* Begin PBXNativeTarget section */
		104D748F2623C51400655C1D /* Mobile Coding Challenge  */ = {
			isa = PBXNativeTarget;
			buildConfigurationList = 104D749F2623C51700655C1D /* Build configuration list for PBXNativeTarget "Mobile Coding Challenge " */;
			buildPhases = (
				104D748C2623C51400655C1D /* Sources */,
				104D748D2623C51400655C1D /* Frameworks */,
				104D748E2623C51400655C1D /* Resources */,
			);
			buildRules = (
			);
			dependencies = (
			);
			name = "Mobile Coding Challenge ";
			productName = "Load Data from a JSON API";
			productReference = 104D74902623C51400655C1D /* Mobile Coding Challenge .app */;
			productType = "com.apple.product-type.application";
		};
/* End PBXNativeTarget section */

/* Begin PBXProject section */
		104D74882623C51400655C1D /* Project object */ = {
			isa = PBXProject;
			attributes = {
				LastSwiftUpdateCheck = 1240;
				LastUpgradeCheck = 1240;
				TargetAttributes = {
					104D748F2623C51400655C1D = {
						CreatedOnToolsVersion = 12.4;
					};
				};
			};
			buildConfigurationList = 104D748B2623C51400655C1D /* Build configuration list for PBXProject "Mobile Coding Challenge " */;
			compatibilityVersion = "Xcode 9.3";
			developmentRegion = en;
			hasScannedForEncodings = 0;
			knownRegions = (
				en,
				Base,
			);
			mainGroup = 104D74872623C51400655C1D;
			productRefGroup = 104D74912623C51400655C1D /* Products */;
			projectDirPath = "";
			projectRoot = "";
			targets = (
				104D748F2623C51400655C1D /* Mobile Coding Challenge  */,
			);
		};
/* End PBXProject section */

/* Begin PBXResourcesBuildPhase section */
		104D748E2623C51400655C1D /* Resources */ = {
			isa = PBXResourcesBuildPhase;
			buildActionMask = 2147483647;
			files = (
				104D749B2623C51700655C1D /* Preview Assets.xcassets in Resources */,
				104D74982623C51700655C1D /* Assets.xcassets in Resources */,
			);
			runOnlyForDeploymentPostprocessing = 0;
		};
/* End PBXResourcesBuildPhase section */

/* Begin PBXSourcesBuildPhase section */
		104D748C2623C51400655C1D /* Sources */ = {
			isa = PBXSourcesBuildPhase;
			buildActionMask = 2147483647;
			files = (
				104D74A42623C85800655C1D /* Model.swift in Sources */,
				103DE7A8262517FD000C91A8 /* PersistenceController.swift in Sources */,
				100468E5262484F9006DCA1D /* CardView.swift in Sources */,
				103DE7B32625200A000C91A8 /* CustomNavigationView.swift in Sources */,
				1004698026250F73006DCA1D /* CoreDataM.xcdatamodeld in Sources */,
				103DE7AE26251AA1000C91A8 /* JsonViewModel.swift in Sources */,
				104D74962623C51400655C1D /* ContentView.swift in Sources */,
				10046918262498AE006DCA1D /* DetailView.swift in Sources */,
				104D74942623C51400655C1D /* Load_Data_from_a_JSON_APIApp.swift in Sources */,
			);
			runOnlyForDeploymentPostprocessing = 0;
		};
/* End PBXSourcesBuildPhase section */

/* Begin XCBuildConfiguration section */
		104D749D2623C51700655C1D /* Debug */ = {
			isa = XCBuildConfiguration;
			buildSettings = {
				ALWAYS_SEARCH_USER_PATHS = NO;
				CLANG_ANALYZER_NONNULL = YES;
				CLANG_ANALYZER_NUMBER_OBJECT_CONVERSION = YES_AGGRESSIVE;
				CLANG_CXX_LANGUAGE_STANDARD = "gnu++14";
				CLANG_CXX_LIBRARY = "libc++";
				CLANG_ENABLE_MODULES = YES;
				CLANG_ENABLE_OBJC_ARC = YES;
				CLANG_ENABLE_OBJC_WEAK = YES;
				CLANG_WARN_BLOCK_CAPTURE_AUTORELEASING = YES;
				CLANG_WARN_BOOL_CONVERSION = YES;
				CLANG_WARN_COMMA = YES;
				CLANG_WARN_CONSTANT_CONVERSION = YES;
				CLANG_WARN_DEPRECATED_OBJC_IMPLEMENTATIONS = YES;
				CLANG_WARN_DIRECT_OBJC_ISA_USAGE = YES_ERROR;
				CLANG_WARN_DOCUMENTATION_COMMENTS = YES;
				CLANG_WARN_EMPTY_BODY = YES;
				CLANG_WARN_ENUM_CONVERSION = YES;
				CLANG_WARN_INFINITE_RECURSION = YES;
				CLANG_WARN_INT_CONVERSION = YES;
				CLANG_WARN_NON_LITERAL_NULL_CONVERSION = YES;
				CLANG_WARN_OBJC_IMPLICIT_RETAIN_SELF = YES;
				CLANG_WARN_OBJC_LITERAL_CONVERSION = YES;
				CLANG_WARN_OBJC_ROOT_CLASS = YES_ERROR;
				CLANG_WARN_QUOTED_INCLUDE_IN_FRAMEWORK_HEADER = YES;
				CLANG_WARN_RANGE_LOOP_ANALYSIS = YES;
				CLANG_WARN_STRICT_PROTOTYPES = YES;
				CLANG_WARN_SUSPICIOUS_MOVE = YES;
				CLANG_WARN_UNGUARDED_AVAILABILITY = YES_AGGRESSIVE;
				CLANG_WARN_UNREACHABLE_CODE = YES;
				CLANG_WARN__DUPLICATE_METHOD_MATCH = YES;
				COPY_PHASE_STRIP = NO;
				DEBUG_INFORMATION_FORMAT = dwarf;
				ENABLE_STRICT_OBJC_MSGSEND = YES;
				ENABLE_TESTABILITY = YES;
				GCC_C_LANGUAGE_STANDARD = gnu11;
				GCC_DYNAMIC_NO_PIC = NO;
				GCC_NO_COMMON_BLOCKS = YES;
				GCC_OPTIMIZATION_LEVEL = 0;
				GCC_PREPROCESSOR_DEFINITIONS = (
					"DEBUG=1",
					"$(inherited)",
				);
				GCC_WARN_64_TO_32_BIT_CONVERSION = YES;
				GCC_WARN_ABOUT_RETURN_TYPE = YES_ERROR;
				GCC_WARN_UNDECLARED_SELECTOR = YES;
				GCC_WARN_UNINITIALIZED_AUTOS = YES_AGGRESSIVE;
				GCC_WARN_UNUSED_FUNCTION = YES;
				GCC_WARN_UNUSED_VARIABLE = YES;
				IPHONEOS_DEPLOYMENT_TARGET = 14.4;
				MTL_ENABLE_DEBUG_INFO = INCLUDE_SOURCE;
				MTL_FAST_MATH = YES;
				ONLY_ACTIVE_ARCH = YES;
				SDKROOT = iphoneos;
				SWIFT_ACTIVE_COMPILATION_CONDITIONS = DEBUG;
				SWIFT_OPTIMIZATION_LEVEL = "-Onone";
			};
			name = Debug;
		};
		104D749E2623C51700655C1D /* Release */ = {
			isa = XCBuildConfiguration;
			buildSettings = {
				ALWAYS_SEARCH_USER_PATHS = NO;
				CLANG_ANALYZER_NONNULL = YES;
				CLANG_ANALYZER_NUMBER_OBJECT_CONVERSION = YES_AGGRESSIVE;
				CLANG_CXX_LANGUAGE_STANDARD = "gnu++14";
				CLANG_CXX_LIBRARY = "libc++";
				CLANG_ENABLE_MODULES = YES;
				CLANG_ENABLE_OBJC_ARC = YES;
				CLANG_ENABLE_OBJC_WEAK = YES;
				CLANG_WARN_BLOCK_CAPTURE_AUTORELEASING = YES;
				CLANG_WARN_BOOL_CONVERSION = YES;
				CLANG_WARN_COMMA = YES;
				CLANG_WARN_CONSTANT_CONVERSION = YES;
				CLANG_WARN_DEPRECATED_OBJC_IMPLEMENTATIONS = YES;
				CLANG_WARN_DIRECT_OBJC_ISA_USAGE = YES_ERROR;
				CLANG_WARN_DOCUMENTATION_COMMENTS = YES;
				CLANG_WARN_EMPTY_BODY = YES;
				CLANG_WARN_ENUM_CONVERSION = YES;
				CLANG_WARN_INFINITE_RECURSION = YES;
				CLANG_WARN_INT_CONVERSION = YES;
				CLANG_WARN_NON_LITERAL_NULL_CONVERSION = YES;
				CLANG_WARN_OBJC_IMPLICIT_RETAIN_SELF = YES;
				CLANG_WARN_OBJC_LITERAL_CONVERSION = YES;
				CLANG_WARN_OBJC_ROOT_CLASS = YES_ERROR;
				CLANG_WARN_QUOTED_INCLUDE_IN_FRAMEWORK_HEADER = YES;
				CLANG_WARN_RANGE_LOOP_ANALYSIS = YES;
				CLANG_WARN_STRICT_PROTOTYPES = YES;
				CLANG_WARN_SUSPICIOUS_MOVE = YES;
				CLANG_WARN_UNGUARDED_AVAILABILITY = YES_AGGRESSIVE;
				CLANG_WARN_UNREACHABLE_CODE = YES;
				CLANG_WARN__DUPLICATE_METHOD_MATCH = YES;
				COPY_PHASE_STRIP = NO;
				DEBUG_INFORMATION_FORMAT = "dwarf-with-dsym";
				ENABLE_NS_ASSERTIONS = NO;
				ENABLE_STRICT_OBJC_MSGSEND = YES;
				GCC_C_LANGUAGE_STANDARD = gnu11;
				GCC_NO_COMMON_BLOCKS = YES;
				GCC_WARN_64_TO_32_BIT_CONVERSION = YES;
				GCC_WARN_ABOUT_RETURN_TYPE = YES_ERROR;
				GCC_WARN_UNDECLARED_SELECTOR = YES;
				GCC_WARN_UNINITIALIZED_AUTOS = YES_AGGRESSIVE;
				GCC_WARN_UNUSED_FUNCTION = YES;
				GCC_WARN_UNUSED_VARIABLE = YES;
				IPHONEOS_DEPLOYMENT_TARGET = 14.4;
				MTL_ENABLE_DEBUG_INFO = NO;
				MTL_FAST_MATH = YES;
				SDKROOT = iphoneos;
				SWIFT_COMPILATION_MODE = wholemodule;
				SWIFT_OPTIMIZATION_LEVEL = "-O";
				VALIDATE_PRODUCT = YES;
			};
			name = Release;
		};
		104D74A02623C51700655C1D /* Debug */ = {
			isa = XCBuildConfiguration;
			buildSettings = {
				ASSETCATALOG_COMPILER_APPICON_NAME = AppIcon;
				ASSETCATALOG_COMPILER_GLOBAL_ACCENT_COLOR_NAME = AccentColor;
				CODE_SIGN_STYLE = Automatic;
				DEVELOPMENT_ASSET_PATHS = "";
				DEVELOPMENT_TEAM = 28FY2PHCA4;
				ENABLE_PREVIEWS = YES;
				INFOPLIST_FILE = "Load Data from a JSON API/Info.plist";
				IPHONEOS_DEPLOYMENT_TARGET = 14.0;
				LD_RUNPATH_SEARCH_PATHS = (
					"$(inherited)",
					"@executable_path/Frameworks",
				);
				PRODUCT_BUNDLE_IDENTIFIER = elhajjaji.MobileCodingChallenge;
				PRODUCT_NAME = "$(TARGET_NAME)";
				SWIFT_VERSION = 5.0;
				TARGETED_DEVICE_FAMILY = "1,2";
			};
			name = Debug;
		};
		104D74A12623C51700655C1D /* Release */ = {
			isa = XCBuildConfiguration;
			buildSettings = {
				ASSETCATALOG_COMPILER_APPICON_NAME = AppIcon;
				ASSETCATALOG_COMPILER_GLOBAL_ACCENT_COLOR_NAME = AccentColor;
				CODE_SIGN_STYLE = Automatic;
				DEVELOPMENT_ASSET_PATHS = "";
				DEVELOPMENT_TEAM = 28FY2PHCA4;
				ENABLE_PREVIEWS = YES;
				INFOPLIST_FILE = "Load Data from a JSON API/Info.plist";
				IPHONEOS_DEPLOYMENT_TARGET = 14.0;
				LD_RUNPATH_SEARCH_PATHS = (
					"$(inherited)",
					"@executable_path/Frameworks",
				);
				PRODUCT_BUNDLE_IDENTIFIER = elhajjaji.MobileCodingChallenge;
				PRODUCT_NAME = "$(TARGET_NAME)";
				SWIFT_VERSION = 5.0;
				TARGETED_DEVICE_FAMILY = "1,2";
			};
			name = Release;
		};
/* End XCBuildConfiguration section */

/* Begin XCConfigurationList section */
		104D748B2623C51400655C1D /* Build configuration list for PBXProject "Mobile Coding Challenge " */ = {
			isa = XCConfigurationList;
			buildConfigurations = (
				104D749D2623C51700655C1D /* Debug */,
				104D749E2623C51700655C1D /* Release */,
			);
			defaultConfigurationIsVisible = 0;
			defaultConfigurationName = Release;
		};
		104D749F2623C51700655C1D /* Build configuration list for PBXNativeTarget "Mobile Coding Challenge " */ = {
			isa = XCConfigurationList;
			buildConfigurations = (
				104D74A02623C51700655C1D /* Debug */,
				104D74A12623C51700655C1D /* Release */,
			);
			defaultConfigurationIsVisible = 0;
			defaultConfigurationName = Release;
		};
/* End XCConfigurationList section */

/* Begin XCVersionGroup section */
		1004697E26250F73006DCA1D /* CoreDataM.xcdatamodeld */ = {
			isa = XCVersionGroup;
			children = (
				1004697F26250F73006DCA1D /* CoreDataM.xcdatamodel */,
			);
			currentVersion = 1004697F26250F73006DCA1D /* CoreDataM.xcdatamodel */;
			path = CoreDataM.xcdatamodeld;
			sourceTree = "<group>";
			versionGroupType = wrapper.xcdatamodel;
		};
/* End XCVersionGroup section */
	};
	rootObject = 104D74882623C51400655C1D /* Project object */;
}
